
Microsoft Visual Studio Solution File, Format Version 12.00
# Visual Studio 15
VisualStudioVersion = 15.0.27130.2026
MinimumVisualStudioVersion = 10.0.40219.1
Project("{FAE04EC0-301F-11D3-BF4B-00C04F79EFBC}") = "CoreMapper", "CoreMapper\CoreMapper.csproj", "{16BEE2FB-1D74-4216-B145-7D7B88DEA2FA}"
EndProject
Project("{FAE04EC0-301F-11D3-BF4B-00C04F79EFBC}") = "CoreMapper.ConsoleTest", "CoreMapper.ConsoleTest\CoreMapper.ConsoleTest.csproj", "{8AF59E2F-D3AA-4B8C-8641-A3CF29D1B15D}"
EndProject
Global
	GlobalSection(SolutionConfigurationPlatforms) = preSolution
		Debug|Any CPU = Debug|Any CPU
		Release|Any CPU = Release|Any CPU
	EndGlobalSection
	GlobalSection(ProjectConfigurationPlatforms) = postSolution
		{16BEE2FB-1D74-4216-B145-7D7B88DEA2FA}.Debug|Any CPU.ActiveCfg = Debug|Any CPU
		{16BEE2FB-1D74-4216-B145-7D7B88DEA2FA}.Debug|Any CPU.Build.0 = Debug|Any CPU
		{16BEE2FB-1D74-4216-B145-7D7B88DEA2FA}.Release|Any CPU.ActiveCfg = Release|Any CPU
		{16BEE2FB-1D74-4216-B145-7D7B88DEA2FA}.Release|Any CPU.Build.0 = Release|Any CPU
		{8AF59E2F-D3AA-4B8C-8641-A3CF29D1B15D}.Debug|Any CPU.ActiveCfg = Debug|Any CPU
		{8AF59E2F-D3AA-4B8C-8641-A3CF29D1B15D}.Debug|Any CPU.Build.0 = Debug|Any CPU
		{8AF59E2F-D3AA-4B8C-8641-A3CF29D1B15D}.Release|Any CPU.ActiveCfg = Release|Any CPU
		{8AF59E2F-D3AA-4B8C-8641-A3CF29D1B15D}.Release|Any CPU.Build.0 = Release|Any CPU
	EndGlobalSection
	GlobalSection(SolutionProperties) = preSolution
		HideSolutionNode = FALSE
	EndGlobalSection
	GlobalSection(ExtensibilityGlobals) = postSolution
		SolutionGuid = {EF9F3400-1AFD-4237-92A6-52A5E679FC07}
	EndGlobalSection
EndGlobal
